
Microsoft Visual Studio Solution File, Format Version 12.00
# Visual Studio 15
VisualStudioVersion = 15.0.28010.2019
MinimumVisualStudioVersion = 10.0.40219.1
Project("{FAE04EC0-301F-11D3-BF4B-00C04F79EFBC}") = "InventoryStamper.App", "src\InventoryStamper.App\InventoryStamper.App.csproj", "{FBBA5507-A7D0-4E2F-A88E-18C812A0617D}"
EndProject
Project("{FAE04EC0-301F-11D3-BF4B-00C04F79EFBC}") = "InventoryStamper.Models", "src\InventoryStamper.Models\InventoryStamper.Models.csproj", "{ABE188A3-6367-4F64-A654-6D32503A4F81}"
EndProject
Project("{FAE04EC0-301F-11D3-BF4B-00C04F79EFBC}") = "InventoryStamper.Data", "src\InventoryStamper.Data\InventoryStamper.Data.csproj", "{41399665-048B-4D62-BCD9-B085A5B2B882}"
EndProject
Global
	GlobalSection(SolutionConfigurationPlatforms) = preSolution
		Debug|Any CPU = Debug|Any CPU
		Release|Any CPU = Release|Any CPU
	EndGlobalSection
	GlobalSection(ProjectConfigurationPlatforms) = postSolution
		{FBBA5507-A7D0-4E2F-A88E-18C812A0617D}.Debug|Any CPU.ActiveCfg = Debug|Any CPU
		{FBBA5507-A7D0-4E2F-A88E-18C812A0617D}.Debug|Any CPU.Build.0 = Debug|Any CPU
		{FBBA5507-A7D0-4E2F-A88E-18C812A0617D}.Release|Any CPU.ActiveCfg = Release|Any CPU
		{FBBA5507-A7D0-4E2F-A88E-18C812A0617D}.Release|Any CPU.Build.0 = Release|Any CPU
		{ABE188A3-6367-4F64-A654-6D32503A4F81}.Debug|Any CPU.ActiveCfg = Debug|Any CPU
		{ABE188A3-6367-4F64-A654-6D32503A4F81}.Debug|Any CPU.Build.0 = Debug|Any CPU
		{ABE188A3-6367-4F64-A654-6D32503A4F81}.Release|Any CPU.ActiveCfg = Release|Any CPU
		{ABE188A3-6367-4F64-A654-6D32503A4F81}.Release|Any CPU.Build.0 = Release|Any CPU
		{41399665-048B-4D62-BCD9-B085A5B2B882}.Debug|Any CPU.ActiveCfg = Debug|Any CPU
		{41399665-048B-4D62-BCD9-B085A5B2B882}.Debug|Any CPU.Build.0 = Debug|Any CPU
		{41399665-048B-4D62-BCD9-B085A5B2B882}.Release|Any CPU.ActiveCfg = Release|Any CPU
		{41399665-048B-4D62-BCD9-B085A5B2B882}.Release|Any CPU.Build.0 = Release|Any CPU
	EndGlobalSection
	GlobalSection(SolutionProperties) = preSolution
		HideSolutionNode = FALSE
	EndGlobalSection
	GlobalSection(ExtensibilityGlobals) = postSolution
		SolutionGuid = {05885DA0-15B1-491E-9CC0-C33C671CC5C9}
	EndGlobalSection
EndGlobal
